
Microsoft Visual Studio Solution File, Format Version 12.00
# Visual Studio Version 17
VisualStudioVersion = 17.0.31717.71
MinimumVisualStudioVersion = 10.0.40219.1
Project("{AAC64FFF-818C-4D33-9A63-0DB83C587C04}") = "Fictionary.Server", "Server\Fictionary.Server.csproj", "{AA191522-D19D-4369-8A0A-3D95231F82D1}"
EndProject
Project("{AAC64FFF-818C-4D33-9A63-0DB83C587C04}") = "Fictionary.Client", "Client\Fictionary.Client.csproj", "{5C0ABED1-B448-477B-AB21-5B3FE38F49C0}"
EndProject
Project("{AAC64FFF-818C-4D33-9A63-0DB83C587C04}") = "Fictionary.Shared", "Shared\Fictionary.Shared.csproj", "{3F3BC838-8514-4F78-B01E-0F6CDCC262CF}"
EndProject
Global
	GlobalSection(SolutionConfigurationPlatforms) = preSolution
		Debug|Any CPU = Debug|Any CPU
		Release|Any CPU = Release|Any CPU
	EndGlobalSection
	GlobalSection(ProjectConfigurationPlatforms) = postSolution
		{AA191522-D19D-4369-8A0A-3D95231F82D1}.Debug|Any CPU.ActiveCfg = Debug|Any CPU
		{AA191522-D19D-4369-8A0A-3D95231F82D1}.Debug|Any CPU.Build.0 = Debug|Any CPU
		{AA191522-D19D-4369-8A0A-3D95231F82D1}.Release|Any CPU.ActiveCfg = Release|Any CPU
		{AA191522-D19D-4369-8A0A-3D95231F82D1}.Release|Any CPU.Build.0 = Release|Any CPU
		{5C0ABED1-B448-477B-AB21-5B3FE38F49C0}.Debug|Any CPU.ActiveCfg = Debug|Any CPU
		{5C0ABED1-B448-477B-AB21-5B3FE38F49C0}.Debug|Any CPU.Build.0 = Debug|Any CPU
		{5C0ABED1-B448-477B-AB21-5B3FE38F49C0}.Release|Any CPU.ActiveCfg = Release|Any CPU
		{5C0ABED1-B448-477B-AB21-5B3FE38F49C0}.Release|Any CPU.Build.0 = Release|Any CPU
		{3F3BC838-8514-4F78-B01E-0F6CDCC262CF}.Debug|Any CPU.ActiveCfg = Debug|Any CPU
		{3F3BC838-8514-4F78-B01E-0F6CDCC262CF}.Debug|Any CPU.Build.0 = Debug|Any CPU
		{3F3BC838-8514-4F78-B01E-0F6CDCC262CF}.Release|Any CPU.ActiveCfg = Release|Any CPU
		{3F3BC838-8514-4F78-B01E-0F6CDCC262CF}.Release|Any CPU.Build.0 = Release|Any CPU
	EndGlobalSection
	GlobalSection(SolutionProperties) = preSolution
		HideSolutionNode = FALSE
	EndGlobalSection
	GlobalSection(ExtensibilityGlobals) = postSolution
		SolutionGuid = {D8EA6782-2B6B-46A2-8E79-1D4F9A68A709}
	EndGlobalSection
EndGlobal